{
  "name": "coloring",
  "version": "0.0.0",
  "lockfileVersion": 1,
  "requires": true,
  "dependencies": {
    "@now/node": {
      "version": "1.2.0",
      "resolved": "https://registry.npmjs.org/@now/node/-/node-1.2.0.tgz",
      "integrity": "sha512-Opa2zADScP524xinCnfIug/8DzrXvNZhI6eUVPHBcnSxsRgVQphhUop9l3gRvepT77tfe1yuL3IsKUdTN51oOA==",
      "dev": true,
      "requires": {
        "@types/node": "*"
      }
    },
    "@types/node": {
      "version": "12.12.14",
      "resolved": "https://registry.npmjs.org/@types/node/-/node-12.12.14.tgz",
      "integrity": "sha512-u/SJDyXwuihpwjXy7hOOghagLEV1KdAST6syfnOk6QZAMzZuWZqXy5aYYZbh8Jdpd4escVFP0MvftHNDb9pruA==",
      "dev": true
    },
    "@types/tinycolor2": {
      "version": "1.4.2",
      "resolved": "https://registry.npmjs.org/@types/tinycolor2/-/tinycolor2-1.4.2.tgz",
      "integrity": "sha512-PeHg/AtdW6aaIO2a+98Xj7rWY4KC1E6yOy7AFknJQ7VXUGNrMlyxDFxJo7HqLtjQms/ZhhQX52mLVW/EX3JGOw==",
      "dev": true
    },
    "htm": {
      "version": "2.2.1",
      "resolved": "https://registry.npmjs.org/htm/-/htm-2.2.1.tgz",
      "integrity": "sha512-nPWqBlSbdSHaT2d/cpFRpZLqH5BcdaRcXaicyAtXbkIsIiXLnstPPg0fEX3I8SrlY16FSzb1FLK44uk25xhMvw=="
    },
    "tinycolor2": {
      "version": "1.4.1",
      "resolved": "https://registry.npmjs.org/tinycolor2/-/tinycolor2-1.4.1.tgz",
      "integrity": "sha1-9PrTM0R7wLB9TcjpIJ2POaisd+g="
    },
    "typescript": {
      "version": "3.9.3",
      "resolved": "https://registry.npmjs.org/typescript/-/typescript-3.9.3.tgz",
      "integrity": "sha512-D/wqnB2xzNFIcoBG9FG8cXRDjiqSTbG2wd8DMZeQyJlP1vfTkIxH4GKveWaEBYySKIg+USu+E+EDIR47SqnaMQ==",
      "dev": true
    },
    "vhtml": {
      "version": "2.2.0",
      "resolved": "https://registry.npmjs.org/vhtml/-/vhtml-2.2.0.tgz",
      "integrity": "sha512-TPXrXrxBOslRUVnlVkiAqhoXneiertIg86bdvzionrUYhEuiROvyPZNiiP6GIIJ2Q7oPNVyEtIx8gMAZZE9lCQ=="
    }
  }
}
