{
  "name": "avatarless",
  "version": "0.0.0",
  "lockfileVersion": 1,
  "requires": true,
  "dependencies": {
    "@now/node": {
      "version": "1.6.1",
      "resolved": "https://registry.npmjs.org/@now/node/-/node-1.6.1.tgz",
      "integrity": "sha512-EdSdOS4HSJRexibxIbrKCLZZ1sc0+oaD0P7kvhf26CbXSNlrZP0Iycpb+fbO4Qc2EcmGR2am90DhoX548B5a7g==",
      "dev": true,
      "requires": {
        "@types/node": "*"
      }
    },
    "@types/node": {
      "version": "14.0.12",
      "resolved": "https://registry.npmjs.org/@types/node/-/node-14.0.12.tgz",
      "integrity": "sha512-/sjzehvjkkpvLpYtN6/2dv5kg41otMGuHQUt9T2aiAuIfleCQRQHXXzF1eAw/qkZTj5Kcf4JSTf7EIizHocy6Q==",
      "dev": true
    },
    "typescript": {
      "version": "3.8.3",
      "resolved": "https://registry.npmjs.org/typescript/-/typescript-3.8.3.tgz",
      "integrity": "sha512-MYlEfn5VrLNsgudQTVJeNaQFUAI7DkhnOjdpAp4T+ku1TfQClewlbSuTVHiA+8skNBgaf02TL/kLOvig4y3G8w==",
      "dev": true
    }
  }
}
