{
  "name": "iconist",
  "version": "0.0.0",
  "lockfileVersion": 1,
  "requires": true,
  "dependencies": {
    "@now/node": {
      "version": "1.6.1",
      "resolved": "https://registry.npmjs.org/@now/node/-/node-1.6.1.tgz",
      "integrity": "sha512-EdSdOS4HSJRexibxIbrKCLZZ1sc0+oaD0P7kvhf26CbXSNlrZP0Iycpb+fbO4Qc2EcmGR2am90DhoX548B5a7g==",
      "dev": true,
      "requires": {
        "@types/node": "*"
      }
    },
    "@obr/dripicons": {
      "version": "0.0.1",
      "resolved": "https://registry.npmjs.org/@obr/dripicons/-/dripicons-0.0.1.tgz",
      "integrity": "sha512-pDTM8cw6cH/qhKUdVYlFEWBJaw6LxJqn1Id3tslN1rFR9kPrf2fgG6G5+Bu65Y/7XqxNv55C3p9omTHWHYMjyA=="
    },
    "@obr/emojitwo": {
      "version": "0.0.1",
      "resolved": "https://registry.npmjs.org/@obr/emojitwo/-/emojitwo-0.0.1.tgz",
      "integrity": "sha512-vnBNH3/SpuEbCoqpKMgcWFD2EU/g0z2DUtkrfRlAOckssVzNTQU55Jf3ceO3msg+/v+E4spaUs8fK8zjuXunRQ=="
    },
    "@obr/feathericons": {
      "version": "0.0.1",
      "resolved": "https://registry.npmjs.org/@obr/feathericons/-/feathericons-0.0.1.tgz",
      "integrity": "sha512-PgsACQ1uuh65Rc/4qUtQJcf1DtPsLHxwddDepAxN3hrQbZoapQO/W7t9wBRjNPsV4uYXEsyExAmJ0RjcQ+H35Q=="
    },
    "@obr/fontawesome": {
      "version": "0.0.1",
      "resolved": "https://registry.npmjs.org/@obr/fontawesome/-/fontawesome-0.0.1.tgz",
      "integrity": "sha512-x/ZcImAAzVe0/WpQ6yTP1p2HBAW3skgUeI+5TIZzDLV2bsb7qgvMwJirhe6zg1MFYtrE6I5EO1sEh1isCHmVvQ=="
    },
    "@obr/heroicons": {
      "version": "0.0.1",
      "resolved": "https://registry.npmjs.org/@obr/heroicons/-/heroicons-0.0.1.tgz",
      "integrity": "sha512-4vY7AE0I/LrJ0yLzASU5zzUrzJRUUQBf2CtBERvenV/uk3J7UbzOOPm6bvYV5disIlAjk5fkXOX6VBTS6Rp94g=="
    },
    "@obr/ikonate": {
      "version": "0.0.1",
      "resolved": "https://registry.npmjs.org/@obr/ikonate/-/ikonate-0.0.1.tgz",
      "integrity": "sha512-oSZmJueuNR6AgWV+nALxcwTrdVkMZZlYCRtrGZNIZ86UTgHi6mg/UzZ1zUH6dUeTF2qAbwIXiyCQoktyTgFfXA=="
    },
    "@obr/linearicons": {
      "version": "0.0.1",
      "resolved": "https://registry.npmjs.org/@obr/linearicons/-/linearicons-0.0.1.tgz",
      "integrity": "sha512-qrvIuDgSc9kLHaYh7VDRpXmgWAyOL3JyzrP3ZKGslZyqieAVpP9bMuWvX+iV0a4QyQlRwL3j6EWy1Rq7oY6yMw=="
    },
    "@obr/lineawesome": {
      "version": "0.0.1",
      "resolved": "https://registry.npmjs.org/@obr/lineawesome/-/lineawesome-0.0.1.tgz",
      "integrity": "sha512-Gs+onfKtYe3SuTiV8DBOndeX7/3q/Mcjyy5lFXbKi1/K5I6hVoerSolAj9exRNAbNvRnJWX+2jRGZItO2W0EUA=="
    },
    "@obr/notoemoji": {
      "version": "0.0.1",
      "resolved": "https://registry.npmjs.org/@obr/notoemoji/-/notoemoji-0.0.1.tgz",
      "integrity": "sha512-EKtuK6DOgb4TZ9l7mnHYLW0/4sKlzTtX71WTMnssuwQ3ZUKRxzKt1yYyOpbRE7ijhOagdLlGXyhXmvk0JwdxsA=="
    },
    "@obr/openmoji": {
      "version": "0.0.1",
      "resolved": "https://registry.npmjs.org/@obr/openmoji/-/openmoji-0.0.1.tgz",
      "integrity": "sha512-B/dqCDm+Y1kFr1kETwu23dWPx/JmEuBsquK2TM3AzJaZCY2B0V6OuxD4b7jGmJewrpPS3yEWr/L4aOgE+2Basw=="
    },
    "@obr/remixicon": {
      "version": "0.0.1",
      "resolved": "https://registry.npmjs.org/@obr/remixicon/-/remixicon-0.0.1.tgz",
      "integrity": "sha512-zhhFqf1UXjqlmeM7J2ExeAXiC4n3mtTOo0mDJ7NNMCvP8adOTfZRsfKVCLS/cWDP9Ff/XLcBQu50/DL1EVvATg=="
    },
    "@obr/twemoji": {
      "version": "0.0.1",
      "resolved": "https://registry.npmjs.org/@obr/twemoji/-/twemoji-0.0.1.tgz",
      "integrity": "sha512-fnB/Zs5ucYtMsHkRr4G/DyLDka99W2E07RFntmhKgRQSnVU/bArcRATCU6OoQMkI0kfLex7DfYbYm3K5SOrgGw=="
    },
    "@types/cheerio": {
      "version": "0.22.18",
      "resolved": "https://registry.npmjs.org/@types/cheerio/-/cheerio-0.22.18.tgz",
      "integrity": "sha512-Fq7R3fINAPSdUEhOyjG4iVxgHrOnqDJbY0/BUuiN0pvD/rfmZWekVZnv+vcs8TtpA2XF50uv50LaE4EnpEL/Hw==",
      "dev": true,
      "requires": {
        "@types/node": "*"
      }
    },
    "@types/feather-icons": {
      "version": "4.7.0",
      "resolved": "https://registry.npmjs.org/@types/feather-icons/-/feather-icons-4.7.0.tgz",
      "integrity": "sha512-vflOrmlHMGIGVN4AEl6ErPCNKBLcP1ehEpLqnJkTgf69r5QmJzy7BF1WzbBc8Hqs9KffROPT/JqlSKH4o5vB/w==",
      "dev": true
    },
    "@types/node": {
      "version": "14.0.9",
      "resolved": "https://registry.npmjs.org/@types/node/-/node-14.0.9.tgz",
      "integrity": "sha512-0sCTiXKXELOBxvZLN4krQ0FPOAA7ij+6WwvD0k/PHd9/KAkr4dXel5J9fh6F4x1FwAQILqAWkmpeuS6mjf1iKA=="
    },
    "boolbase": {
      "version": "1.0.0",
      "resolved": "https://registry.npmjs.org/boolbase/-/boolbase-1.0.0.tgz",
      "integrity": "sha1-aN/1++YMUes3cl6p4+0xDcwed24="
    },
    "cheerio": {
      "version": "1.0.0-rc.3",
      "resolved": "https://registry.npmjs.org/cheerio/-/cheerio-1.0.0-rc.3.tgz",
      "integrity": "sha512-0td5ijfUPuubwLUu0OBoe98gZj8C/AA+RW3v67GPlGOrvxWjZmBXiBCRU+I8VEiNyJzjth40POfHiz2RB3gImA==",
      "requires": {
        "css-select": "~1.2.0",
        "dom-serializer": "~0.1.1",
        "entities": "~1.1.1",
        "htmlparser2": "^3.9.1",
        "lodash": "^4.15.0",
        "parse5": "^3.0.1"
      }
    },
    "css-select": {
      "version": "1.2.0",
      "resolved": "https://registry.npmjs.org/css-select/-/css-select-1.2.0.tgz",
      "integrity": "sha1-KzoRBTnFNV8c2NMUYj6HCxIeyFg=",
      "requires": {
        "boolbase": "~1.0.0",
        "css-what": "2.1",
        "domutils": "1.5.1",
        "nth-check": "~1.0.1"
      }
    },
    "css-what": {
      "version": "2.1.3",
      "resolved": "https://registry.npmjs.org/css-what/-/css-what-2.1.3.tgz",
      "integrity": "sha512-a+EPoD+uZiNfh+5fxw2nO9QwFa6nJe2Or35fGY6Ipw1R3R4AGz1d1TEZrCegvw2YTmZ0jXirGYlzxxpYSHwpEg=="
    },
    "dom-serializer": {
      "version": "0.1.1",
      "resolved": "https://registry.npmjs.org/dom-serializer/-/dom-serializer-0.1.1.tgz",
      "integrity": "sha512-l0IU0pPzLWSHBcieZbpOKgkIn3ts3vAh7ZuFyXNwJxJXk/c4Gwj9xaTJwIDVQCXawWD0qb3IzMGH5rglQaO0XA==",
      "requires": {
        "domelementtype": "^1.3.0",
        "entities": "^1.1.1"
      }
    },
    "domelementtype": {
      "version": "1.3.1",
      "resolved": "https://registry.npmjs.org/domelementtype/-/domelementtype-1.3.1.tgz",
      "integrity": "sha512-BSKB+TSpMpFI/HOxCNr1O8aMOTZ8hT3pM3GQ0w/mWRmkhEDSFJkkyzz4XQsBV44BChwGkrDfMyjVD0eA2aFV3w=="
    },
    "domhandler": {
      "version": "2.4.2",
      "resolved": "https://registry.npmjs.org/domhandler/-/domhandler-2.4.2.tgz",
      "integrity": "sha512-JiK04h0Ht5u/80fdLMCEmV4zkNh2BcoMFBmZ/91WtYZ8qVXSKjiw7fXMgFPnHcSZgOo3XdinHvmnDUeMf5R4wA==",
      "requires": {
        "domelementtype": "1"
      }
    },
    "domutils": {
      "version": "1.5.1",
      "resolved": "https://registry.npmjs.org/domutils/-/domutils-1.5.1.tgz",
      "integrity": "sha1-3NhIiib1Y9YQeeSMn3t+Mjc2gs8=",
      "requires": {
        "dom-serializer": "0",
        "domelementtype": "1"
      }
    },
    "entities": {
      "version": "1.1.2",
      "resolved": "https://registry.npmjs.org/entities/-/entities-1.1.2.tgz",
      "integrity": "sha512-f2LZMYl1Fzu7YSBKg+RoROelpOaNrcGmE9AZubeDfrCEia483oW4MI4VyFd5VNHIgQ/7qm1I0wUHK1eJnn2y2w=="
    },
    "htmlparser2": {
      "version": "3.10.1",
      "resolved": "https://registry.npmjs.org/htmlparser2/-/htmlparser2-3.10.1.tgz",
      "integrity": "sha512-IgieNijUMbkDovyoKObU1DUhm1iwNYE/fuifEoEHfd1oZKZDaONBSkal7Y01shxsM49R4XaMdGez3WnF9UfiCQ==",
      "requires": {
        "domelementtype": "^1.3.1",
        "domhandler": "^2.3.0",
        "domutils": "^1.5.1",
        "entities": "^1.1.1",
        "inherits": "^2.0.1",
        "readable-stream": "^3.1.1"
      }
    },
    "inherits": {
      "version": "2.0.4",
      "resolved": "https://registry.npmjs.org/inherits/-/inherits-2.0.4.tgz",
      "integrity": "sha512-k/vGaX4/Yla3WzyMCvTQOXYeIHvqOKtnqBduzTHpzpQZzAskKMhZ2K+EnBiSM9zGSoIFeMpXKxa4dYeZIQqewQ=="
    },
    "lodash": {
      "version": "4.17.15",
      "resolved": "https://registry.npmjs.org/lodash/-/lodash-4.17.15.tgz",
      "integrity": "sha512-8xOcRHvCjnocdS5cpwXQXVzmmh5e5+saE2QGoeQmbKmRS6J3VQppPOIt0MnmE+4xlZoumy0GPG0D0MVIQbNA1A=="
    },
    "nth-check": {
      "version": "1.0.2",
      "resolved": "https://registry.npmjs.org/nth-check/-/nth-check-1.0.2.tgz",
      "integrity": "sha512-WeBOdju8SnzPN5vTUJYxYUxLeXpCaVP5i5e0LF8fg7WORF2Wd7wFX/pk0tYZk7s8T+J7VLy0Da6J1+wCT0AtHg==",
      "requires": {
        "boolbase": "~1.0.0"
      }
    },
    "parse5": {
      "version": "3.0.3",
      "resolved": "https://registry.npmjs.org/parse5/-/parse5-3.0.3.tgz",
      "integrity": "sha512-rgO9Zg5LLLkfJF9E6CCmXlSE4UVceloys8JrFqCcHloC3usd/kJCyPDwH2SOlzix2j3xaP9sUX3e8+kvkuleAA==",
      "requires": {
        "@types/node": "*"
      }
    },
    "readable-stream": {
      "version": "3.6.0",
      "resolved": "https://registry.npmjs.org/readable-stream/-/readable-stream-3.6.0.tgz",
      "integrity": "sha512-BViHy7LKeTz4oNnkcLJ+lVSL6vpiFeX6/d3oSH8zCW7UxP2onchk+vTGB143xuFjHS3deTgkKoXXymXqymiIdA==",
      "requires": {
        "inherits": "^2.0.3",
        "string_decoder": "^1.1.1",
        "util-deprecate": "^1.0.1"
      }
    },
    "safe-buffer": {
      "version": "5.2.1",
      "resolved": "https://registry.npmjs.org/safe-buffer/-/safe-buffer-5.2.1.tgz",
      "integrity": "sha512-rp3So07KcdmmKbGvgaNxQSJr7bGVSVk5S9Eq1F+ppbRo70+YeaDxkw5Dd8NPN+GD6bjnYm2VuPuCXmpuYvmCXQ=="
    },
    "string_decoder": {
      "version": "1.3.0",
      "resolved": "https://registry.npmjs.org/string_decoder/-/string_decoder-1.3.0.tgz",
      "integrity": "sha512-hkRX8U1WjJFd8LsDJ2yQ/wWWxaopEsABU1XfkM8A+j0+85JAGppt16cr1Whg6KIbb4okU6Mql6BOj+uup/wKeA==",
      "requires": {
        "safe-buffer": "~5.2.0"
      }
    },
    "typescript": {
      "version": "3.9.3",
      "resolved": "https://registry.npmjs.org/typescript/-/typescript-3.9.3.tgz",
      "integrity": "sha512-D/wqnB2xzNFIcoBG9FG8cXRDjiqSTbG2wd8DMZeQyJlP1vfTkIxH4GKveWaEBYySKIg+USu+E+EDIR47SqnaMQ==",
      "dev": true
    },
    "util-deprecate": {
      "version": "1.0.2",
      "resolved": "https://registry.npmjs.org/util-deprecate/-/util-deprecate-1.0.2.tgz",
      "integrity": "sha1-RQ1Nyfpw3nMnYvvS1KKJgUGaDM8="
    }
  }
}
