{
  "name": "vercel-debug",
  "version": "0.0.1",
  "lockfileVersion": 1,
  "requires": true,
  "dependencies": {
    "@now/build-utils": {
      "version": "2.5.4",
      "resolved": "https://registry.npmjs.org/@now/build-utils/-/build-utils-2.5.4.tgz",
      "integrity": "sha512-2heZEWxqT9efpLD7O+hSJOzezVCmcTFC41DyIB1dS3rM5WMNzB85IHHLbYa9c+eRh/Wnu2AcgvNyWCjn8MLuvA==",
      "dev": true
    },
    "@types/node": {
      "version": "14.14.7",
      "resolved": "https://registry.npmjs.org/@types/node/-/node-14.14.7.tgz",
      "integrity": "sha512-Zw1vhUSQZYw+7u5dAwNbIA9TuTotpzY/OF7sJM9FqPOF3SPjKnxrjoTktXDZgUjybf4cWVBP7O8wvKdSaGHweg==",
      "dev": true
    },
    "typescript": {
      "version": "4.0.5",
      "resolved": "https://registry.npmjs.org/typescript/-/typescript-4.0.5.tgz",
      "integrity": "sha512-ywmr/VrTVCmNTJ6iV2LwIrfG1P+lv6luD8sUJs+2eI9NLGigaN+nUQc13iHqisq7bra9lnmUSYqbJvegraBOPQ==",
      "dev": true
    }
  }
}
