{
  "name": "vercel-debug",
  "version": "0.0.1",
  "lockfileVersion": 1,
  "requires": true,
  "dependencies": {
    "@now/build-utils": {
      "version": "2.7.0",
      "resolved": "https://registry.npmjs.org/@now/build-utils/-/build-utils-2.7.0.tgz",
      "integrity": "sha512-5917PKoI3PgVkbEl3/tPMOR+z3UD20RTfoXhAwBEsP1HJAYEl+Mv5NawDgBLRsikz2drbZn1YTOLbadBujcPow==",
      "dev": true
    },
    "@types/node": {
      "version": "14.14.30",
      "resolved": "https://registry.npmjs.org/@types/node/-/node-14.14.30.tgz",
      "integrity": "sha512-gUWhy8s45fQp4PqqKecsnOkdW0kt1IaKjgOIR3HPokkzTmQj9ji2wWFID5THu1MKrtO+d4s2lVrlEhXUsPXSvg==",
      "dev": true
    },
    "typescript": {
      "version": "4.1.5",
      "resolved": "https://registry.npmjs.org/typescript/-/typescript-4.1.5.tgz",
      "integrity": "sha512-6OSu9PTIzmn9TCDiovULTnET6BgXtDYL4Gg4szY+cGsc3JP1dQL8qvE8kShTRx1NIw4Q9IBHlwODjkjWEtMUyA==",
      "dev": true
    }
  }
}
