{
  "name": "vercel-debug",
  "version": "0.0.1",
  "lockfileVersion": 1,
  "requires": true,
  "dependencies": {
    "@now/build-utils": {
      "version": "2.6.0",
      "resolved": "https://registry.npmjs.org/@now/build-utils/-/build-utils-2.6.0.tgz",
      "integrity": "sha512-ymGvCoI5svFMZixCrYb3IykvvQ7lhQydVvK40qq8rZfKFrLBg3mTts9LoZGL0yp0NJL3Y5TX9enz9u6oYerH+w==",
      "dev": true
    },
    "@types/node": {
      "version": "14.14.8",
      "resolved": "https://registry.npmjs.org/@types/node/-/node-14.14.8.tgz",
      "integrity": "sha512-z/5Yd59dCKI5kbxauAJgw6dLPzW+TNOItNE00PkpzNwUIEwdj/Lsqwq94H5DdYBX7C13aRA0CY32BK76+neEUA==",
      "dev": true
    },
    "typescript": {
      "version": "4.1.2",
      "resolved": "https://registry.npmjs.org/typescript/-/typescript-4.1.2.tgz",
      "integrity": "sha512-thGloWsGH3SOxv1SoY7QojKi0tc+8FnOmiarEGMbd/lar7QOEd3hvlx3Fp5y6FlDUGl9L+pd4n2e+oToGMmhRQ==",
      "dev": true
    }
  }
}
