{
  "name": "githubber",
  "version": "0.0.0",
  "lockfileVersion": 2,
  "requires": true,
  "packages": {
    "": {
      "version": "0.0.0",
      "dependencies": {
        "@octokit/rest": "^18.0.12"
      },
      "devDependencies": {
        "@vercel/node": "^1.8.5",
        "typescript": "^4.1.3"
      }
    },
    "node_modules/@octokit/auth-token": {
      "version": "2.4.4",
      "resolved": "https://registry.npmjs.org/@octokit/auth-token/-/auth-token-2.4.4.tgz",
      "integrity": "sha512-LNfGu3Ro9uFAYh10MUZVaT7X2CnNm2C8IDQmabx+3DygYIQjs9FwzFAHN/0t6mu5HEPhxcb1XOuxdpY82vCg2Q==",
      "dependencies": {
        "@octokit/types": "^6.0.0"
      }
    },
    "node_modules/@octokit/core": {
      "version": "3.2.4",
      "resolved": "https://registry.npmjs.org/@octokit/core/-/core-3.2.4.tgz",
      "integrity": "sha512-d9dTsqdePBqOn7aGkyRFe7pQpCXdibSJ5SFnrTr0axevObZrpz3qkWm7t/NjYv5a66z6vhfteriaq4FRz3e0Qg==",
      "dependencies": {
        "@octokit/auth-token": "^2.4.4",
        "@octokit/graphql": "^4.5.8",
        "@octokit/request": "^5.4.12",
        "@octokit/types": "^6.0.3",
        "before-after-hook": "^2.1.0",
        "universal-user-agent": "^6.0.0"
      }
    },
    "node_modules/@octokit/endpoint": {
      "version": "6.0.10",
      "resolved": "https://registry.npmjs.org/@octokit/endpoint/-/endpoint-6.0.10.tgz",
      "integrity": "sha512-9+Xef8nT7OKZglfkOMm7IL6VwxXUQyR7DUSU0LH/F7VNqs8vyd7es5pTfz9E7DwUIx7R3pGscxu1EBhYljyu7Q==",
      "dependencies": {
        "@octokit/types": "^6.0.0",
        "is-plain-object": "^5.0.0",
        "universal-user-agent": "^6.0.0"
      }
    },
    "node_modules/@octokit/graphql": {
      "version": "4.5.8",
      "resolved": "https://registry.npmjs.org/@octokit/graphql/-/graphql-4.5.8.tgz",
      "integrity": "sha512-WnCtNXWOrupfPJgXe+vSmprZJUr0VIu14G58PMlkWGj3cH+KLZEfKMmbUQ6C3Wwx6fdhzVW1CD5RTnBdUHxhhA==",
      "dependencies": {
        "@octokit/request": "^5.3.0",
        "@octokit/types": "^6.0.0",
        "universal-user-agent": "^6.0.0"
      }
    },
    "node_modules/@octokit/openapi-types": {
      "version": "2.0.1",
      "resolved": "https://registry.npmjs.org/@octokit/openapi-types/-/openapi-types-2.0.1.tgz",
      "integrity": "sha512-9AuC04PUnZrjoLiw3uPtwGh9FE4Q3rTqs51oNlQ0rkwgE8ftYsOC+lsrQyvCvWm85smBbSc0FNRKKumvGyb44Q=="
    },
    "node_modules/@octokit/plugin-paginate-rest": {
      "version": "2.6.2",
      "resolved": "https://registry.npmjs.org/@octokit/plugin-paginate-rest/-/plugin-paginate-rest-2.6.2.tgz",
      "integrity": "sha512-3Dy7/YZAwdOaRpGQoNHPeT0VU1fYLpIUdPyvR37IyFLgd6XSij4j9V/xN/+eSjF2KKvmfIulEh9LF1tRPjIiDA==",
      "dependencies": {
        "@octokit/types": "^6.0.1"
      },
      "peerDependencies": {
        "@octokit/core": ">=2"
      }
    },
    "node_modules/@octokit/plugin-request-log": {
      "version": "1.0.2",
      "resolved": "https://registry.npmjs.org/@octokit/plugin-request-log/-/plugin-request-log-1.0.2.tgz",
      "integrity": "sha512-oTJSNAmBqyDR41uSMunLQKMX0jmEXbwD1fpz8FG27lScV3RhtGfBa1/BBLym+PxcC16IBlF7KH9vP1BUYxA+Eg==",
      "peerDependencies": {
        "@octokit/core": ">=3"
      }
    },
    "node_modules/@octokit/plugin-rest-endpoint-methods": {
      "version": "4.4.1",
      "resolved": "https://registry.npmjs.org/@octokit/plugin-rest-endpoint-methods/-/plugin-rest-endpoint-methods-4.4.1.tgz",
      "integrity": "sha512-+v5PcvrUcDeFXf8hv1gnNvNLdm4C0+2EiuWt9EatjjUmfriM1pTMM+r4j1lLHxeBQ9bVDmbywb11e3KjuavieA==",
      "dependencies": {
        "@octokit/types": "^6.1.0",
        "deprecation": "^2.3.1"
      },
      "peerDependencies": {
        "@octokit/core": ">=3"
      }
    },
    "node_modules/@octokit/request": {
      "version": "5.4.12",
      "resolved": "https://registry.npmjs.org/@octokit/request/-/request-5.4.12.tgz",
      "integrity": "sha512-MvWYdxengUWTGFpfpefBBpVmmEYfkwMoxonIB3sUGp5rhdgwjXL1ejo6JbgzG/QD9B/NYt/9cJX1pxXeSIUCkg==",
      "dependencies": {
        "@octokit/endpoint": "^6.0.1",
        "@octokit/request-error": "^2.0.0",
        "@octokit/types": "^6.0.3",
        "deprecation": "^2.0.0",
        "is-plain-object": "^5.0.0",
        "node-fetch": "^2.6.1",
        "once": "^1.4.0",
        "universal-user-agent": "^6.0.0"
      }
    },
    "node_modules/@octokit/request-error": {
      "version": "2.0.4",
      "resolved": "https://registry.npmjs.org/@octokit/request-error/-/request-error-2.0.4.tgz",
      "integrity": "sha512-LjkSiTbsxIErBiRh5wSZvpZqT4t0/c9+4dOe0PII+6jXR+oj/h66s7E4a/MghV7iT8W9ffoQ5Skoxzs96+gBPA==",
      "dependencies": {
        "@octokit/types": "^6.0.0",
        "deprecation": "^2.0.0",
        "once": "^1.4.0"
      }
    },
    "node_modules/@octokit/rest": {
      "version": "18.0.12",
      "resolved": "https://registry.npmjs.org/@octokit/rest/-/rest-18.0.12.tgz",
      "integrity": "sha512-hNRCZfKPpeaIjOVuNJzkEL6zacfZlBPV8vw8ReNeyUkVvbuCvvrrx8K8Gw2eyHHsmd4dPlAxIXIZ9oHhJfkJpw==",
      "dependencies": {
        "@octokit/core": "^3.2.3",
        "@octokit/plugin-paginate-rest": "^2.6.2",
        "@octokit/plugin-request-log": "^1.0.2",
        "@octokit/plugin-rest-endpoint-methods": "4.4.1"
      }
    },
    "node_modules/@octokit/types": {
      "version": "6.1.2",
      "resolved": "https://registry.npmjs.org/@octokit/types/-/types-6.1.2.tgz",
      "integrity": "sha512-LPCpcLbcky7fWfHCTuc7tMiSHFpFlrThJqVdaHgowBTMS0ijlZFfonQC/C1PrZOjD4xRCYgBqH9yttEATGE/nw==",
      "dependencies": {
        "@octokit/openapi-types": "^2.0.1",
        "@types/node": ">= 8"
      }
    },
    "node_modules/@types/node": {
      "version": "14.14.7",
      "resolved": "https://registry.npmjs.org/@types/node/-/node-14.14.7.tgz",
      "integrity": "sha512-Zw1vhUSQZYw+7u5dAwNbIA9TuTotpzY/OF7sJM9FqPOF3SPjKnxrjoTktXDZgUjybf4cWVBP7O8wvKdSaGHweg=="
    },
    "node_modules/@vercel/node": {
      "version": "1.8.5",
      "resolved": "https://registry.npmjs.org/@vercel/node/-/node-1.8.5.tgz",
      "integrity": "sha512-1iw7FSR8Oau6vZB1MWfBnA5q2a/IqRHiSZSbt8lz0dyTF599q8pc5GcSv/TvmrYaEGzh3+N0S4cbmuMCqVlwJg==",
      "dev": true,
      "dependencies": {
        "@types/node": "*",
        "ts-node": "8.9.1",
        "typescript": "3.9.3"
      }
    },
    "node_modules/@vercel/node/node_modules/typescript": {
      "version": "3.9.3",
      "resolved": "https://registry.npmjs.org/typescript/-/typescript-3.9.3.tgz",
      "integrity": "sha512-D/wqnB2xzNFIcoBG9FG8cXRDjiqSTbG2wd8DMZeQyJlP1vfTkIxH4GKveWaEBYySKIg+USu+E+EDIR47SqnaMQ==",
      "dev": true,
      "bin": {
        "tsc": "bin/tsc",
        "tsserver": "bin/tsserver"
      },
      "engines": {
        "node": ">=4.2.0"
      }
    },
    "node_modules/arg": {
      "version": "4.1.0",
      "resolved": "https://registry.npmjs.org/arg/-/arg-4.1.0.tgz",
      "integrity": "sha512-ZWc51jO3qegGkVh8Hwpv636EkbesNV5ZNQPCtRa+0qytRYPEs9IYT9qITY9buezqUH5uqyzlWLcufrzU2rffdg==",
      "dev": true
    },
    "node_modules/before-after-hook": {
      "version": "2.1.0",
      "resolved": "https://registry.npmjs.org/before-after-hook/-/before-after-hook-2.1.0.tgz",
      "integrity": "sha512-IWIbu7pMqyw3EAJHzzHbWa85b6oud/yfKYg5rqB5hNE8CeMi3nX+2C2sj0HswfblST86hpVEOAb9x34NZd6P7A=="
    },
    "node_modules/buffer-from": {
      "version": "1.1.1",
      "resolved": "https://registry.npmjs.org/buffer-from/-/buffer-from-1.1.1.tgz",
      "integrity": "sha512-MQcXEUbCKtEo7bhqEs6560Hyd4XaovZlO/k9V3hjVUF/zwW7KBVdSK4gIt/bzwS9MbR5qob+F5jusZsb0YQK2A==",
      "dev": true
    },
    "node_modules/deprecation": {
      "version": "2.3.1",
      "resolved": "https://registry.npmjs.org/deprecation/-/deprecation-2.3.1.tgz",
      "integrity": "sha512-xmHIy4F3scKVwMsQ4WnVaS8bHOx0DmVwRywosKhaILI0ywMDWPtBSku2HNxRvF7jtwDRsoEwYQSfbxj8b7RlJQ=="
    },
    "node_modules/diff": {
      "version": "4.0.2",
      "resolved": "https://registry.npmjs.org/diff/-/diff-4.0.2.tgz",
      "integrity": "sha512-58lmxKSA4BNyLz+HHMUzlOEpg09FV+ev6ZMe3vJihgdxzgcwZ8VoEEPmALCZG9LmqfVoNMMKpttIYTVG6uDY7A==",
      "dev": true,
      "engines": {
        "node": ">=0.3.1"
      }
    },
    "node_modules/is-plain-object": {
      "version": "5.0.0",
      "resolved": "https://registry.npmjs.org/is-plain-object/-/is-plain-object-5.0.0.tgz",
      "integrity": "sha512-VRSzKkbMm5jMDoKLbltAkFQ5Qr7VDiTFGXxYFXXowVj387GeGNOCsOH6Msy00SGZ3Fp84b1Naa1psqgcCIEP5Q==",
      "engines": {
        "node": ">=0.10.0"
      }
    },
    "node_modules/make-error": {
      "version": "1.3.6",
      "resolved": "https://registry.npmjs.org/make-error/-/make-error-1.3.6.tgz",
      "integrity": "sha512-s8UhlNe7vPKomQhC1qFelMokr/Sc3AgNbso3n74mVPA5LTZwkB9NlXf4XPamLxJE8h0gh73rM94xvwRT2CVInw==",
      "dev": true
    },
    "node_modules/node-fetch": {
      "version": "2.6.1",
      "resolved": "https://registry.npmjs.org/node-fetch/-/node-fetch-2.6.1.tgz",
      "integrity": "sha512-V4aYg89jEoVRxRb2fJdAg8FHvI7cEyYdVAh94HH0UIK8oJxUfkjlDQN9RbMx+bEjP7+ggMiFRprSti032Oipxw==",
      "engines": {
        "node": "4.x || >=6.0.0"
      }
    },
    "node_modules/once": {
      "version": "1.4.0",
      "resolved": "https://registry.npmjs.org/once/-/once-1.4.0.tgz",
      "integrity": "sha1-WDsap3WWHUsROsF9nFC6753Xa9E=",
      "dependencies": {
        "wrappy": "1"
      }
    },
    "node_modules/source-map-support": {
      "version": "0.5.19",
      "resolved": "https://registry.npmjs.org/source-map-support/-/source-map-support-0.5.19.tgz",
      "integrity": "sha512-Wonm7zOCIJzBGQdB+thsPar0kYuCIzYvxZwlBa87yi/Mdjv7Tip2cyVbLj5o0cFPN4EVkuTwb3GDDyUx2DGnGw==",
      "dev": true,
      "dependencies": {
        "buffer-from": "^1.0.0",
        "source-map": "^0.6.0"
      }
    },
    "node_modules/source-map-support/node_modules/source-map": {
      "version": "0.6.1",
      "resolved": "https://registry.npmjs.org/source-map/-/source-map-0.6.1.tgz",
      "integrity": "sha512-UjgapumWlbMhkBgzT7Ykc5YXUT46F0iKu8SGXq0bcwP5dz/h0Plj6enJqjz1Zbq2l5WaqYnrVbwWOWMyF3F47g==",
      "dev": true,
      "engines": {
        "node": ">=0.10.0"
      }
    },
    "node_modules/ts-node": {
      "version": "8.9.1",
      "resolved": "https://registry.npmjs.org/ts-node/-/ts-node-8.9.1.tgz",
      "integrity": "sha512-yrq6ODsxEFTLz0R3BX2myf0WBCSQh9A+py8PBo1dCzWIOcvisbyH6akNKqDHMgXePF2kir5mm5JXJTH3OUJYOQ==",
      "dev": true,
      "dependencies": {
        "arg": "^4.1.0",
        "diff": "^4.0.1",
        "make-error": "^1.1.1",
        "source-map-support": "^0.5.17",
        "yn": "3.1.1"
      },
      "bin": {
        "ts-node": "dist/bin.js",
        "ts-node-script": "dist/bin-script.js",
        "ts-node-transpile-only": "dist/bin-transpile.js",
        "ts-script": "dist/bin-script-deprecated.js"
      },
      "engines": {
        "node": ">=6.0.0"
      }
    },
    "node_modules/typescript": {
      "version": "4.1.3",
      "resolved": "https://registry.npmjs.org/typescript/-/typescript-4.1.3.tgz",
      "integrity": "sha512-B3ZIOf1IKeH2ixgHhj6la6xdwR9QrLC5d1VKeCSY4tvkqhF2eqd9O7txNlS0PO3GrBAFIdr3L1ndNwteUbZLYg==",
      "dev": true,
      "bin": {
        "tsc": "bin/tsc",
        "tsserver": "bin/tsserver"
      },
      "engines": {
        "node": ">=4.2.0"
      }
    },
    "node_modules/universal-user-agent": {
      "version": "6.0.0",
      "resolved": "https://registry.npmjs.org/universal-user-agent/-/universal-user-agent-6.0.0.tgz",
      "integrity": "sha512-isyNax3wXoKaulPDZWHQqbmIx1k2tb9fb3GGDBRxCscfYV2Ch7WxPArBsFEG8s/safwXTT7H4QGhaIkTp9447w=="
    },
    "node_modules/wrappy": {
      "version": "1.0.2",
      "resolved": "https://registry.npmjs.org/wrappy/-/wrappy-1.0.2.tgz",
      "integrity": "sha1-tSQ9jz7BqjXxNkYFvA0QNuMKtp8="
    },
    "node_modules/yn": {
      "version": "3.1.1",
      "resolved": "https://registry.npmjs.org/yn/-/yn-3.1.1.tgz",
      "integrity": "sha512-Ux4ygGWsu2c7isFWe8Yu1YluJmqVhxqK2cLXNQA5AcC3QfbGNpM7fu0Y8b/z16pXLnFxZYvWhd3fhBY9DLmC6Q==",
      "dev": true,
      "engines": {
        "node": ">=6"
      }
    }
  },
  "dependencies": {
    "@octokit/auth-token": {
      "version": "2.4.4",
      "resolved": "https://registry.npmjs.org/@octokit/auth-token/-/auth-token-2.4.4.tgz",
      "integrity": "sha512-LNfGu3Ro9uFAYh10MUZVaT7X2CnNm2C8IDQmabx+3DygYIQjs9FwzFAHN/0t6mu5HEPhxcb1XOuxdpY82vCg2Q==",
      "requires": {
        "@octokit/types": "^6.0.0"
      }
    },
    "@octokit/core": {
      "version": "3.2.4",
      "resolved": "https://registry.npmjs.org/@octokit/core/-/core-3.2.4.tgz",
      "integrity": "sha512-d9dTsqdePBqOn7aGkyRFe7pQpCXdibSJ5SFnrTr0axevObZrpz3qkWm7t/NjYv5a66z6vhfteriaq4FRz3e0Qg==",
      "requires": {
        "@octokit/auth-token": "^2.4.4",
        "@octokit/graphql": "^4.5.8",
        "@octokit/request": "^5.4.12",
        "@octokit/types": "^6.0.3",
        "before-after-hook": "^2.1.0",
        "universal-user-agent": "^6.0.0"
      }
    },
    "@octokit/endpoint": {
      "version": "6.0.10",
      "resolved": "https://registry.npmjs.org/@octokit/endpoint/-/endpoint-6.0.10.tgz",
      "integrity": "sha512-9+Xef8nT7OKZglfkOMm7IL6VwxXUQyR7DUSU0LH/F7VNqs8vyd7es5pTfz9E7DwUIx7R3pGscxu1EBhYljyu7Q==",
      "requires": {
        "@octokit/types": "^6.0.0",
        "is-plain-object": "^5.0.0",
        "universal-user-agent": "^6.0.0"
      }
    },
    "@octokit/graphql": {
      "version": "4.5.8",
      "resolved": "https://registry.npmjs.org/@octokit/graphql/-/graphql-4.5.8.tgz",
      "integrity": "sha512-WnCtNXWOrupfPJgXe+vSmprZJUr0VIu14G58PMlkWGj3cH+KLZEfKMmbUQ6C3Wwx6fdhzVW1CD5RTnBdUHxhhA==",
      "requires": {
        "@octokit/request": "^5.3.0",
        "@octokit/types": "^6.0.0",
        "universal-user-agent": "^6.0.0"
      }
    },
    "@octokit/openapi-types": {
      "version": "2.0.1",
      "resolved": "https://registry.npmjs.org/@octokit/openapi-types/-/openapi-types-2.0.1.tgz",
      "integrity": "sha512-9AuC04PUnZrjoLiw3uPtwGh9FE4Q3rTqs51oNlQ0rkwgE8ftYsOC+lsrQyvCvWm85smBbSc0FNRKKumvGyb44Q=="
    },
    "@octokit/plugin-paginate-rest": {
      "version": "2.6.2",
      "resolved": "https://registry.npmjs.org/@octokit/plugin-paginate-rest/-/plugin-paginate-rest-2.6.2.tgz",
      "integrity": "sha512-3Dy7/YZAwdOaRpGQoNHPeT0VU1fYLpIUdPyvR37IyFLgd6XSij4j9V/xN/+eSjF2KKvmfIulEh9LF1tRPjIiDA==",
      "requires": {
        "@octokit/types": "^6.0.1"
      }
    },
    "@octokit/plugin-request-log": {
      "version": "1.0.2",
      "resolved": "https://registry.npmjs.org/@octokit/plugin-request-log/-/plugin-request-log-1.0.2.tgz",
      "integrity": "sha512-oTJSNAmBqyDR41uSMunLQKMX0jmEXbwD1fpz8FG27lScV3RhtGfBa1/BBLym+PxcC16IBlF7KH9vP1BUYxA+Eg==",
      "requires": {}
    },
    "@octokit/plugin-rest-endpoint-methods": {
      "version": "4.4.1",
      "resolved": "https://registry.npmjs.org/@octokit/plugin-rest-endpoint-methods/-/plugin-rest-endpoint-methods-4.4.1.tgz",
      "integrity": "sha512-+v5PcvrUcDeFXf8hv1gnNvNLdm4C0+2EiuWt9EatjjUmfriM1pTMM+r4j1lLHxeBQ9bVDmbywb11e3KjuavieA==",
      "requires": {
        "@octokit/types": "^6.1.0",
        "deprecation": "^2.3.1"
      }
    },
    "@octokit/request": {
      "version": "5.4.12",
      "resolved": "https://registry.npmjs.org/@octokit/request/-/request-5.4.12.tgz",
      "integrity": "sha512-MvWYdxengUWTGFpfpefBBpVmmEYfkwMoxonIB3sUGp5rhdgwjXL1ejo6JbgzG/QD9B/NYt/9cJX1pxXeSIUCkg==",
      "requires": {
        "@octokit/endpoint": "^6.0.1",
        "@octokit/request-error": "^2.0.0",
        "@octokit/types": "^6.0.3",
        "deprecation": "^2.0.0",
        "is-plain-object": "^5.0.0",
        "node-fetch": "^2.6.1",
        "once": "^1.4.0",
        "universal-user-agent": "^6.0.0"
      }
    },
    "@octokit/request-error": {
      "version": "2.0.4",
      "resolved": "https://registry.npmjs.org/@octokit/request-error/-/request-error-2.0.4.tgz",
      "integrity": "sha512-LjkSiTbsxIErBiRh5wSZvpZqT4t0/c9+4dOe0PII+6jXR+oj/h66s7E4a/MghV7iT8W9ffoQ5Skoxzs96+gBPA==",
      "requires": {
        "@octokit/types": "^6.0.0",
        "deprecation": "^2.0.0",
        "once": "^1.4.0"
      }
    },
    "@octokit/rest": {
      "version": "18.0.12",
      "resolved": "https://registry.npmjs.org/@octokit/rest/-/rest-18.0.12.tgz",
      "integrity": "sha512-hNRCZfKPpeaIjOVuNJzkEL6zacfZlBPV8vw8ReNeyUkVvbuCvvrrx8K8Gw2eyHHsmd4dPlAxIXIZ9oHhJfkJpw==",
      "requires": {
        "@octokit/core": "^3.2.3",
        "@octokit/plugin-paginate-rest": "^2.6.2",
        "@octokit/plugin-request-log": "^1.0.2",
        "@octokit/plugin-rest-endpoint-methods": "4.4.1"
      }
    },
    "@octokit/types": {
      "version": "6.1.2",
      "resolved": "https://registry.npmjs.org/@octokit/types/-/types-6.1.2.tgz",
      "integrity": "sha512-LPCpcLbcky7fWfHCTuc7tMiSHFpFlrThJqVdaHgowBTMS0ijlZFfonQC/C1PrZOjD4xRCYgBqH9yttEATGE/nw==",
      "requires": {
        "@octokit/openapi-types": "^2.0.1",
        "@types/node": ">= 8"
      }
    },
    "@types/node": {
      "version": "14.14.7",
      "resolved": "https://registry.npmjs.org/@types/node/-/node-14.14.7.tgz",
      "integrity": "sha512-Zw1vhUSQZYw+7u5dAwNbIA9TuTotpzY/OF7sJM9FqPOF3SPjKnxrjoTktXDZgUjybf4cWVBP7O8wvKdSaGHweg=="
    },
    "@vercel/node": {
      "version": "1.8.5",
      "resolved": "https://registry.npmjs.org/@vercel/node/-/node-1.8.5.tgz",
      "integrity": "sha512-1iw7FSR8Oau6vZB1MWfBnA5q2a/IqRHiSZSbt8lz0dyTF599q8pc5GcSv/TvmrYaEGzh3+N0S4cbmuMCqVlwJg==",
      "dev": true,
      "requires": {
        "@types/node": "*",
        "ts-node": "8.9.1",
        "typescript": "3.9.3"
      },
      "dependencies": {
        "typescript": {
          "version": "3.9.3",
          "resolved": "https://registry.npmjs.org/typescript/-/typescript-3.9.3.tgz",
          "integrity": "sha512-D/wqnB2xzNFIcoBG9FG8cXRDjiqSTbG2wd8DMZeQyJlP1vfTkIxH4GKveWaEBYySKIg+USu+E+EDIR47SqnaMQ==",
          "dev": true
        }
      }
    },
    "arg": {
      "version": "4.1.0",
      "resolved": "https://registry.npmjs.org/arg/-/arg-4.1.0.tgz",
      "integrity": "sha512-ZWc51jO3qegGkVh8Hwpv636EkbesNV5ZNQPCtRa+0qytRYPEs9IYT9qITY9buezqUH5uqyzlWLcufrzU2rffdg==",
      "dev": true
    },
    "before-after-hook": {
      "version": "2.1.0",
      "resolved": "https://registry.npmjs.org/before-after-hook/-/before-after-hook-2.1.0.tgz",
      "integrity": "sha512-IWIbu7pMqyw3EAJHzzHbWa85b6oud/yfKYg5rqB5hNE8CeMi3nX+2C2sj0HswfblST86hpVEOAb9x34NZd6P7A=="
    },
    "buffer-from": {
      "version": "1.1.1",
      "resolved": "https://registry.npmjs.org/buffer-from/-/buffer-from-1.1.1.tgz",
      "integrity": "sha512-MQcXEUbCKtEo7bhqEs6560Hyd4XaovZlO/k9V3hjVUF/zwW7KBVdSK4gIt/bzwS9MbR5qob+F5jusZsb0YQK2A==",
      "dev": true
    },
    "deprecation": {
      "version": "2.3.1",
      "resolved": "https://registry.npmjs.org/deprecation/-/deprecation-2.3.1.tgz",
      "integrity": "sha512-xmHIy4F3scKVwMsQ4WnVaS8bHOx0DmVwRywosKhaILI0ywMDWPtBSku2HNxRvF7jtwDRsoEwYQSfbxj8b7RlJQ=="
    },
    "diff": {
      "version": "4.0.2",
      "resolved": "https://registry.npmjs.org/diff/-/diff-4.0.2.tgz",
      "integrity": "sha512-58lmxKSA4BNyLz+HHMUzlOEpg09FV+ev6ZMe3vJihgdxzgcwZ8VoEEPmALCZG9LmqfVoNMMKpttIYTVG6uDY7A==",
      "dev": true
    },
    "is-plain-object": {
      "version": "5.0.0",
      "resolved": "https://registry.npmjs.org/is-plain-object/-/is-plain-object-5.0.0.tgz",
      "integrity": "sha512-VRSzKkbMm5jMDoKLbltAkFQ5Qr7VDiTFGXxYFXXowVj387GeGNOCsOH6Msy00SGZ3Fp84b1Naa1psqgcCIEP5Q=="
    },
    "make-error": {
      "version": "1.3.6",
      "resolved": "https://registry.npmjs.org/make-error/-/make-error-1.3.6.tgz",
      "integrity": "sha512-s8UhlNe7vPKomQhC1qFelMokr/Sc3AgNbso3n74mVPA5LTZwkB9NlXf4XPamLxJE8h0gh73rM94xvwRT2CVInw==",
      "dev": true
    },
    "node-fetch": {
      "version": "2.6.1",
      "resolved": "https://registry.npmjs.org/node-fetch/-/node-fetch-2.6.1.tgz",
      "integrity": "sha512-V4aYg89jEoVRxRb2fJdAg8FHvI7cEyYdVAh94HH0UIK8oJxUfkjlDQN9RbMx+bEjP7+ggMiFRprSti032Oipxw=="
    },
    "once": {
      "version": "1.4.0",
      "resolved": "https://registry.npmjs.org/once/-/once-1.4.0.tgz",
      "integrity": "sha1-WDsap3WWHUsROsF9nFC6753Xa9E=",
      "requires": {
        "wrappy": "1"
      }
    },
    "source-map-support": {
      "version": "0.5.19",
      "resolved": "https://registry.npmjs.org/source-map-support/-/source-map-support-0.5.19.tgz",
      "integrity": "sha512-Wonm7zOCIJzBGQdB+thsPar0kYuCIzYvxZwlBa87yi/Mdjv7Tip2cyVbLj5o0cFPN4EVkuTwb3GDDyUx2DGnGw==",
      "dev": true,
      "requires": {
        "buffer-from": "^1.0.0",
        "source-map": "^0.6.0"
      },
      "dependencies": {
        "source-map": {
          "version": "0.6.1",
          "resolved": "https://registry.npmjs.org/source-map/-/source-map-0.6.1.tgz",
          "integrity": "sha512-UjgapumWlbMhkBgzT7Ykc5YXUT46F0iKu8SGXq0bcwP5dz/h0Plj6enJqjz1Zbq2l5WaqYnrVbwWOWMyF3F47g==",
          "dev": true
        }
      }
    },
    "ts-node": {
      "version": "8.9.1",
      "resolved": "https://registry.npmjs.org/ts-node/-/ts-node-8.9.1.tgz",
      "integrity": "sha512-yrq6ODsxEFTLz0R3BX2myf0WBCSQh9A+py8PBo1dCzWIOcvisbyH6akNKqDHMgXePF2kir5mm5JXJTH3OUJYOQ==",
      "dev": true,
      "requires": {
        "arg": "^4.1.0",
        "diff": "^4.0.1",
        "make-error": "^1.1.1",
        "source-map-support": "^0.5.17",
        "yn": "3.1.1"
      }
    },
    "typescript": {
      "version": "4.1.3",
      "resolved": "https://registry.npmjs.org/typescript/-/typescript-4.1.3.tgz",
      "integrity": "sha512-B3ZIOf1IKeH2ixgHhj6la6xdwR9QrLC5d1VKeCSY4tvkqhF2eqd9O7txNlS0PO3GrBAFIdr3L1ndNwteUbZLYg==",
      "dev": true
    },
    "universal-user-agent": {
      "version": "6.0.0",
      "resolved": "https://registry.npmjs.org/universal-user-agent/-/universal-user-agent-6.0.0.tgz",
      "integrity": "sha512-isyNax3wXoKaulPDZWHQqbmIx1k2tb9fb3GGDBRxCscfYV2Ch7WxPArBsFEG8s/safwXTT7H4QGhaIkTp9447w=="
    },
    "wrappy": {
      "version": "1.0.2",
      "resolved": "https://registry.npmjs.org/wrappy/-/wrappy-1.0.2.tgz",
      "integrity": "sha1-tSQ9jz7BqjXxNkYFvA0QNuMKtp8="
    },
    "yn": {
      "version": "3.1.1",
      "resolved": "https://registry.npmjs.org/yn/-/yn-3.1.1.tgz",
      "integrity": "sha512-Ux4ygGWsu2c7isFWe8Yu1YluJmqVhxqK2cLXNQA5AcC3QfbGNpM7fu0Y8b/z16pXLnFxZYvWhd3fhBY9DLmC6Q==",
      "dev": true
    }
  }
}
