{
    "_readme": [
        "This file locks the dependencies of your project to a known state",
        "Read more about it at https://getcomposer.org/doc/01-basic-usage.md#installing-dependencies",
        "This file is @generated automatically"
    ],
    "content-hash": "bf199a6bb50187f24d65b10ff0d9ad25",
    "packages": [
        {
            "name": "contributte/http",
            "version": "dev-master",
            "source": {
                "type": "git",
                "url": "https://github.com/contributte/http.git",
                "reference": "090a9bdd79fa972e7381cc21eece144100d544d0"
            },
            "dist": {
                "type": "zip",
                "url": "https://api.github.com/repos/contributte/http/zipball/090a9bdd79fa972e7381cc21eece144100d544d0",
                "reference": "090a9bdd79fa972e7381cc21eece144100d544d0",
                "shasum": ""
            },
            "require": {
                "nette/http": "^3.0.1",
                "php": ">=7.2"
            },
            "require-dev": {
                "nette/di": "^3.0.0",
                "ninjify/nunjuck": "^0.4",
                "ninjify/qa": "^0.12",
                "phpstan/phpstan": "^1.0",
                "phpstan/phpstan-deprecation-rules": "^1.0",
                "phpstan/phpstan-nette": "^1.0",
                "phpstan/phpstan-strict-rules": "^1.0",
                "tracy/tracy": "^2.5.1"
            },
            "suggest": {
                "nette/di": "to use CompilerExtensions"
            },
            "default-branch": true,
            "type": "library",
            "extra": {
                "branch-alias": {
                    "dev-master": "0.5.x-dev"
                }
            },
            "autoload": {
                "psr-4": {
                    "Contributte\\Http\\": "src"
                }
            },
            "notification-url": "https://packagist.org/downloads/",
            "license": [
                "MIT"
            ],
            "authors": [
                {
                    "name": "Milan Felix Šulc",
                    "homepage": "https://f3l1x.io"
                }
            ],
            "description": "Extra contrib to nette/http",
            "homepage": "https://github.com/contributte/http",
            "keywords": [
                "auth",
                "curl",
                "http",
                "nette",
                "request",
                "response"
            ],
            "support": {
                "issues": "https://github.com/contributte/http/issues",
                "source": "https://github.com/contributte/http/tree/master"
            },
            "funding": [
                {
                    "url": "https://contributte.org/partners.html",
                    "type": "custom"
                },
                {
                    "url": "https://github.com/f3l1x",
                    "type": "github"
                }
            ],
            "time": "2022-01-29T11:40:42+00:00"
        },
        {
            "name": "contributte/latte",
            "version": "dev-master",
            "source": {
                "type": "git",
                "url": "https://github.com/contributte/latte.git",
                "reference": "04060e71302f923a2b6bf5d5f3f61537c41760b2"
            },
            "dist": {
                "type": "zip",
                "url": "https://api.github.com/repos/contributte/latte/zipball/04060e71302f923a2b6bf5d5f3f61537c41760b2",
                "reference": "04060e71302f923a2b6bf5d5f3f61537c41760b2",
                "shasum": ""
            },
            "require": {
                "latte/latte": "^2.5.1",
                "php": ">=7.2"
            },
            "conflict": {
                "nette/di": "<3.0.0"
            },
            "require-dev": {
                "nette/application": "^3.0",
                "nette/di": "~3.0.0",
                "ninjify/nunjuck": "^0.4",
                "ninjify/qa": "^0.12",
                "phpstan/phpstan": "^1.0",
                "phpstan/phpstan-deprecation-rules": "^1.0",
                "phpstan/phpstan-nette": "^1.0",
                "phpstan/phpstan-strict-rules": "^1.0"
            },
            "suggest": {
                "nette/di": "to use VersionExtension[CompilerExtension]"
            },
            "default-branch": true,
            "type": "library",
            "extra": {
                "branch-alias": {
                    "dev-master": "0.6.x-dev"
                }
            },
            "autoload": {
                "psr-4": {
                    "Contributte\\Latte\\": "src"
                }
            },
            "notification-url": "https://packagist.org/downloads/",
            "license": [
                "MIT"
            ],
            "authors": [
                {
                    "name": "Milan Felix Šulc",
                    "homepage": "https://f3l1x.io"
                }
            ],
            "description": "Extra contrib to nette/latte",
            "homepage": "https://github.com/contributte/latte",
            "keywords": [
                "extra",
                "latte",
                "nette"
            ],
            "support": {
                "issues": "https://github.com/contributte/latte/issues",
                "source": "https://github.com/contributte/latte/tree/master"
            },
            "funding": [
                {
                    "url": "https://contributte.org/partners.html",
                    "type": "custom"
                },
                {
                    "url": "https://github.com/f3l1x",
                    "type": "github"
                }
            ],
            "time": "2022-01-29T11:40:35+00:00"
        },
        {
            "name": "contributte/utils",
            "version": "dev-master",
            "source": {
                "type": "git",
                "url": "https://github.com/contributte/utils.git",
                "reference": "188f745adb9dc72bfb775d383b8c308d62272ce4"
            },
            "dist": {
                "type": "zip",
                "url": "https://api.github.com/repos/contributte/utils/zipball/188f745adb9dc72bfb775d383b8c308d62272ce4",
                "reference": "188f745adb9dc72bfb775d383b8c308d62272ce4",
                "shasum": ""
            },
            "require": {
                "nette/utils": "^3.0.1",
                "php": ">=7.2"
            },
            "conflict": {
                "nette/di": "<3.0.0"
            },
            "require-dev": {
                "nette/di": "~3.0.0",
                "ninjify/nunjuck": "^0.4.0",
                "ninjify/qa": "^0.12.0",
                "phpstan/phpstan": "^1.0",
                "phpstan/phpstan-deprecation-rules": "^1.0",
                "phpstan/phpstan-nette": "^1.0",
                "phpstan/phpstan-strict-rules": "^1.0"
            },
            "suggest": {
                "nette/di": "to use DateTimeExtension[CompilerExtension]"
            },
            "default-branch": true,
            "type": "library",
            "extra": {
                "branch-alias": {
                    "dev-master": "0.6.x-dev"
                }
            },
            "autoload": {
                "psr-4": {
                    "Contributte\\Utils\\": "src"
                }
            },
            "notification-url": "https://packagist.org/downloads/",
            "license": [
                "MIT"
            ],
            "authors": [
                {
                    "name": "Milan Felix Šulc",
                    "homepage": "https://f3l1x.io"
                }
            ],
            "description": "Extra contrib to nette/utils",
            "homepage": "https://github.com/contributte/utils",
            "keywords": [
                "datetime",
                "filesystem",
                "nette",
                "strings",
                "utils"
            ],
            "support": {
                "issues": "https://github.com/contributte/utils/issues",
                "source": "https://github.com/contributte/utils/tree/v0.5.1"
            },
            "funding": [
                {
                    "url": "https://contributte.org/partners.html",
                    "type": "custom"
                },
                {
                    "url": "https://github.com/f3l1x",
                    "type": "github"
                }
            ],
            "time": "2021-12-29T16:32:43+00:00"
        },
        {
            "name": "latte/latte",
            "version": "v2.11.4",
            "source": {
                "type": "git",
                "url": "https://github.com/nette/latte.git",
                "reference": "3a5ed09d92b3bb2c428814bb919c2f8637bc49b1"
            },
            "dist": {
                "type": "zip",
                "url": "https://api.github.com/repos/nette/latte/zipball/3a5ed09d92b3bb2c428814bb919c2f8637bc49b1",
                "reference": "3a5ed09d92b3bb2c428814bb919c2f8637bc49b1",
                "shasum": ""
            },
            "require": {
                "ext-json": "*",
                "ext-tokenizer": "*",
                "php": ">=7.1 <8.2"
            },
            "conflict": {
                "nette/application": "<2.4.1"
            },
            "require-dev": {
                "nette/php-generator": "^3.3.4",
                "nette/tester": "^2.0",
                "nette/utils": "^3.0",
                "phpstan/phpstan": "^1",
                "tracy/tracy": "^2.3"
            },
            "suggest": {
                "ext-fileinfo": "to use filter |datastream",
                "ext-iconv": "to use filters |reverse, |substring",
                "ext-mbstring": "to use filters like lower, upper, capitalize, ...",
                "nette/php-generator": "to use tag {templatePrint}",
                "nette/utils": "to use filter |webalize"
            },
            "bin": [
                "bin/latte-lint"
            ],
            "type": "library",
            "extra": {
                "branch-alias": {
                    "dev-master": "2.11-dev"
                }
            },
            "autoload": {
                "classmap": [
                    "src/"
                ]
            },
            "notification-url": "https://packagist.org/downloads/",
            "license": [
                "BSD-3-Clause",
                "GPL-2.0-only",
                "GPL-3.0-only"
            ],
            "authors": [
                {
                    "name": "David Grudl",
                    "homepage": "https://davidgrudl.com"
                },
                {
                    "name": "Nette Community",
                    "homepage": "https://nette.org/contributors"
                }
            ],
            "description": "☕ Latte: the intuitive and fast template engine for those who want the most secure PHP sites. Introduces context-sensitive escaping.",
            "homepage": "https://latte.nette.org",
            "keywords": [
                "context-sensitive",
                "engine",
                "escaping",
                "html",
                "nette",
                "security",
                "template",
                "twig"
            ],
            "support": {
                "issues": "https://github.com/nette/latte/issues",
                "source": "https://github.com/nette/latte/tree/v2.11.4"
            },
            "time": "2022-05-30T13:34:15+00:00"
        },
        {
            "name": "nette/http",
            "version": "v3.1.6",
            "source": {
                "type": "git",
                "url": "https://github.com/nette/http.git",
                "reference": "65bfe68f9c611e7cd1935a5f794a560c52e4614f"
            },
            "dist": {
                "type": "zip",
                "url": "https://api.github.com/repos/nette/http/zipball/65bfe68f9c611e7cd1935a5f794a560c52e4614f",
                "reference": "65bfe68f9c611e7cd1935a5f794a560c52e4614f",
                "shasum": ""
            },
            "require": {
                "nette/utils": "^3.1",
                "php": ">=7.2 <8.2"
            },
            "conflict": {
                "nette/di": "<3.0.3",
                "nette/schema": "<1.2"
            },
            "require-dev": {
                "nette/di": "^3.0",
                "nette/security": "^3.0",
                "nette/tester": "^2.0",
                "phpstan/phpstan": "^0.12",
                "tracy/tracy": "^2.4"
            },
            "suggest": {
                "ext-fileinfo": "to detect type of uploaded files"
            },
            "type": "library",
            "extra": {
                "branch-alias": {
                    "dev-master": "3.1-dev"
                }
            },
            "autoload": {
                "classmap": [
                    "src/"
                ]
            },
            "notification-url": "https://packagist.org/downloads/",
            "license": [
                "BSD-3-Clause",
                "GPL-2.0-only",
                "GPL-3.0-only"
            ],
            "authors": [
                {
                    "name": "David Grudl",
                    "homepage": "https://davidgrudl.com"
                },
                {
                    "name": "Nette Community",
                    "homepage": "https://nette.org/contributors"
                }
            ],
            "description": "🌐 Nette Http: abstraction for HTTP request, response and session. Provides careful data sanitization and utility for URL and cookies manipulation.",
            "homepage": "https://nette.org",
            "keywords": [
                "cookies",
                "http",
                "nette",
                "proxy",
                "request",
                "response",
                "security",
                "session",
                "url"
            ],
            "support": {
                "issues": "https://github.com/nette/http/issues",
                "source": "https://github.com/nette/http/tree/v3.1.6"
            },
            "time": "2022-04-02T16:05:07+00:00"
        },
        {
            "name": "nette/utils",
            "version": "v3.2.7",
            "source": {
                "type": "git",
                "url": "https://github.com/nette/utils.git",
                "reference": "0af4e3de4df9f1543534beab255ccf459e7a2c99"
            },
            "dist": {
                "type": "zip",
                "url": "https://api.github.com/repos/nette/utils/zipball/0af4e3de4df9f1543534beab255ccf459e7a2c99",
                "reference": "0af4e3de4df9f1543534beab255ccf459e7a2c99",
                "shasum": ""
            },
            "require": {
                "php": ">=7.2 <8.2"
            },
            "conflict": {
                "nette/di": "<3.0.6"
            },
            "require-dev": {
                "nette/tester": "~2.0",
                "phpstan/phpstan": "^1.0",
                "tracy/tracy": "^2.3"
            },
            "suggest": {
                "ext-gd": "to use Image",
                "ext-iconv": "to use Strings::webalize(), toAscii(), chr() and reverse()",
                "ext-intl": "to use Strings::webalize(), toAscii(), normalize() and compare()",
                "ext-json": "to use Nette\\Utils\\Json",
                "ext-mbstring": "to use Strings::lower() etc...",
                "ext-tokenizer": "to use Nette\\Utils\\Reflection::getUseStatements()",
                "ext-xml": "to use Strings::length() etc. when mbstring is not available"
            },
            "type": "library",
            "extra": {
                "branch-alias": {
                    "dev-master": "3.2-dev"
                }
            },
            "autoload": {
                "classmap": [
                    "src/"
                ]
            },
            "notification-url": "https://packagist.org/downloads/",
            "license": [
                "BSD-3-Clause",
                "GPL-2.0-only",
                "GPL-3.0-only"
            ],
            "authors": [
                {
                    "name": "David Grudl",
                    "homepage": "https://davidgrudl.com"
                },
                {
                    "name": "Nette Community",
                    "homepage": "https://nette.org/contributors"
                }
            ],
            "description": "🛠  Nette Utils: lightweight utilities for string & array manipulation, image handling, safe JSON encoding/decoding, validation, slug or strong password generating etc.",
            "homepage": "https://nette.org",
            "keywords": [
                "array",
                "core",
                "datetime",
                "images",
                "json",
                "nette",
                "paginator",
                "password",
                "slugify",
                "string",
                "unicode",
                "utf-8",
                "utility",
                "validation"
            ],
            "support": {
                "issues": "https://github.com/nette/utils/issues",
                "source": "https://github.com/nette/utils/tree/v3.2.7"
            },
            "time": "2022-01-24T11:29:14+00:00"
        }
    ],
    "packages-dev": [
        {
            "name": "contributte/dev",
            "version": "v0.3",
            "source": {
                "type": "git",
                "url": "https://github.com/contributte/dev.git",
                "reference": "2f583ab44c082d4fd09db57db3906cb0c48706e4"
            },
            "dist": {
                "type": "zip",
                "url": "https://api.github.com/repos/contributte/dev/zipball/2f583ab44c082d4fd09db57db3906cb0c48706e4",
                "reference": "2f583ab44c082d4fd09db57db3906cb0c48706e4",
                "shasum": ""
            },
            "require": {
                "php": ">=7.2"
            },
            "require-dev": {
                "ninjify/nunjuck": "^0.4",
                "ninjify/qa": "^0.12"
            },
            "type": "library",
            "extra": {
                "branch-alias": {
                    "dev-master": "0.4.x-dev"
                }
            },
            "autoload": {
                "files": [
                    "src/shortcuts.php"
                ]
            },
            "notification-url": "https://packagist.org/downloads/",
            "license": [
                "MIT"
            ],
            "authors": [
                {
                    "name": "Milan Felix Sulc",
                    "homepage": "https://f3l1x.io"
                }
            ],
            "description": "Tools for development",
            "homepage": "https://github.com/contributte/dev",
            "keywords": [
                "development",
                "nette",
                "shortcuts"
            ],
            "support": {
                "issues": "https://github.com/contributte/dev/issues",
                "source": "https://github.com/contributte/dev/tree/v0.3"
            },
            "time": "2020-12-13T18:46:03+00:00"
        }
    ],
    "aliases": [],
    "minimum-stability": "dev",
    "stability-flags": [],
    "prefer-stable": true,
    "prefer-lowest": false,
    "platform": {
        "php": ">=8.0"
    },
    "platform-dev": [],
    "plugin-api-version": "2.3.0"
}
