{
    "_readme": [
        "This file locks the dependencies of your project to a known state",
        "Read more about it at https://getcomposer.org/doc/01-basic-usage.md#installing-dependencies",
        "This file is @generated automatically"
    ],
    "content-hash": "4cf252bc696d4ac261db43d19263220a",
    "packages": [
        {
            "name": "contributte/utils",
            "version": "v0.5.0",
            "source": {
                "type": "git",
                "url": "https://github.com/contributte/utils.git",
                "reference": "8cd55a7d560f65c671bf19bb1a60327170abcd76"
            },
            "dist": {
                "type": "zip",
                "url": "https://api.github.com/repos/contributte/utils/zipball/8cd55a7d560f65c671bf19bb1a60327170abcd76",
                "reference": "8cd55a7d560f65c671bf19bb1a60327170abcd76",
                "shasum": ""
            },
            "require": {
                "nette/utils": "^3.0.1",
                "php": ">=7.2"
            },
            "conflict": {
                "nette/di": "<3.0.0"
            },
            "require-dev": {
                "nette/di": "~3.0.0",
                "ninjify/nunjuck": "^0.3.0",
                "ninjify/qa": "^0.10.0",
                "phpstan/extension-installer": "^1.0",
                "phpstan/phpstan-deprecation-rules": "^0.11",
                "phpstan/phpstan-nette": "^0.11",
                "phpstan/phpstan-shim": "^0.11",
                "phpstan/phpstan-strict-rules": "^0.11"
            },
            "suggest": {
                "nette/di": "to use DateTimeExtension[CompilerExtension]"
            },
            "type": "library",
            "extra": {
                "branch-alias": {
                    "dev-master": "0.5.x-dev"
                }
            },
            "autoload": {
                "psr-4": {
                    "Contributte\\Utils\\": "src"
                }
            },
            "notification-url": "https://packagist.org/downloads/",
            "license": [
                "MIT"
            ],
            "authors": [
                {
                    "name": "Milan Felix Šulc",
                    "homepage": "https://f3l1x.io"
                }
            ],
            "description": "Extra contrib to nette/utils",
            "homepage": "https://github.com/contributte/utils",
            "keywords": [
                "datetime",
                "filesystem",
                "nette",
                "strings",
                "utils"
            ],
            "support": {
                "issues": "https://github.com/contributte/utils/issues",
                "source": "https://github.com/contributte/utils/tree/v0.5.0"
            },
            "time": "2020-12-11T11:13:16+00:00"
        },
        {
            "name": "nette/neon",
            "version": "v3.2.1",
            "source": {
                "type": "git",
                "url": "https://github.com/nette/neon.git",
                "reference": "a5b3a60833d2ef55283a82d0c30b45d136b29e75"
            },
            "dist": {
                "type": "zip",
                "url": "https://api.github.com/repos/nette/neon/zipball/a5b3a60833d2ef55283a82d0c30b45d136b29e75",
                "reference": "a5b3a60833d2ef55283a82d0c30b45d136b29e75",
                "shasum": ""
            },
            "require": {
                "ext-iconv": "*",
                "ext-json": "*",
                "php": ">=7.1"
            },
            "require-dev": {
                "nette/tester": "^2.0",
                "phpstan/phpstan": "^0.12",
                "tracy/tracy": "^2.3"
            },
            "type": "library",
            "extra": {
                "branch-alias": {
                    "dev-master": "3.2-dev"
                }
            },
            "autoload": {
                "classmap": [
                    "src/"
                ]
            },
            "notification-url": "https://packagist.org/downloads/",
            "license": [
                "BSD-3-Clause",
                "GPL-2.0-only",
                "GPL-3.0-only"
            ],
            "authors": [
                {
                    "name": "David Grudl",
                    "homepage": "https://davidgrudl.com"
                },
                {
                    "name": "Nette Community",
                    "homepage": "https://nette.org/contributors"
                }
            ],
            "description": "🍸 Nette NEON: encodes and decodes NEON file format.",
            "homepage": "https://ne-on.org",
            "keywords": [
                "export",
                "import",
                "neon",
                "nette",
                "yaml"
            ],
            "support": {
                "issues": "https://github.com/nette/neon/issues",
                "source": "https://github.com/nette/neon/tree/master"
            },
            "time": "2020-07-31T12:28:05+00:00"
        },
        {
            "name": "nette/utils",
            "version": "v3.2.0",
            "source": {
                "type": "git",
                "url": "https://github.com/nette/utils.git",
                "reference": "d0427c1811462dbb6c503143eabe5478b26685f7"
            },
            "dist": {
                "type": "zip",
                "url": "https://api.github.com/repos/nette/utils/zipball/d0427c1811462dbb6c503143eabe5478b26685f7",
                "reference": "d0427c1811462dbb6c503143eabe5478b26685f7",
                "shasum": ""
            },
            "require": {
                "php": ">=7.2 <8.1"
            },
            "conflict": {
                "nette/di": "<3.0.6"
            },
            "require-dev": {
                "nette/tester": "~2.0",
                "phpstan/phpstan": "^0.12",
                "tracy/tracy": "^2.3"
            },
            "suggest": {
                "ext-gd": "to use Image",
                "ext-iconv": "to use Strings::webalize(), toAscii(), chr() and reverse()",
                "ext-intl": "to use Strings::webalize(), toAscii(), normalize() and compare()",
                "ext-json": "to use Nette\\Utils\\Json",
                "ext-mbstring": "to use Strings::lower() etc...",
                "ext-tokenizer": "to use Nette\\Utils\\Reflection::getUseStatements()",
                "ext-xml": "to use Strings::length() etc. when mbstring is not available"
            },
            "type": "library",
            "extra": {
                "branch-alias": {
                    "dev-master": "3.2-dev"
                }
            },
            "autoload": {
                "classmap": [
                    "src/"
                ]
            },
            "notification-url": "https://packagist.org/downloads/",
            "license": [
                "BSD-3-Clause",
                "GPL-2.0-only",
                "GPL-3.0-only"
            ],
            "authors": [
                {
                    "name": "David Grudl",
                    "homepage": "https://davidgrudl.com"
                },
                {
                    "name": "Nette Community",
                    "homepage": "https://nette.org/contributors"
                }
            ],
            "description": "🛠  Nette Utils: lightweight utilities for string & array manipulation, image handling, safe JSON encoding/decoding, validation, slug or strong password generating etc.",
            "homepage": "https://nette.org",
            "keywords": [
                "array",
                "core",
                "datetime",
                "images",
                "json",
                "nette",
                "paginator",
                "password",
                "slugify",
                "string",
                "unicode",
                "utf-8",
                "utility",
                "validation"
            ],
            "support": {
                "issues": "https://github.com/nette/utils/issues",
                "source": "https://github.com/nette/utils/tree/v3.2.0"
            },
            "time": "2020-11-25T23:47:50+00:00"
        },
        {
            "name": "phpstan/phpstan",
            "version": "0.12.64",
            "source": {
                "type": "git",
                "url": "https://github.com/phpstan/phpstan.git",
                "reference": "23eb1cb7ae125f45f1d0e48051bcf67a9a9b08aa"
            },
            "dist": {
                "type": "zip",
                "url": "https://api.github.com/repos/phpstan/phpstan/zipball/23eb1cb7ae125f45f1d0e48051bcf67a9a9b08aa",
                "reference": "23eb1cb7ae125f45f1d0e48051bcf67a9a9b08aa",
                "shasum": ""
            },
            "require": {
                "php": "^7.1|^8.0"
            },
            "conflict": {
                "phpstan/phpstan-shim": "*"
            },
            "bin": [
                "phpstan",
                "phpstan.phar"
            ],
            "type": "library",
            "extra": {
                "branch-alias": {
                    "dev-master": "0.12-dev"
                }
            },
            "autoload": {
                "files": [
                    "bootstrap.php"
                ]
            },
            "notification-url": "https://packagist.org/downloads/",
            "license": [
                "MIT"
            ],
            "description": "PHPStan - PHP Static Analysis Tool",
            "support": {
                "issues": "https://github.com/phpstan/phpstan/issues",
                "source": "https://github.com/phpstan/phpstan/tree/0.12.64"
            },
            "funding": [
                {
                    "url": "https://github.com/ondrejmirtes",
                    "type": "github"
                },
                {
                    "url": "https://www.patreon.com/phpstan",
                    "type": "patreon"
                },
                {
                    "url": "https://tidelift.com/funding/github/packagist/phpstan/phpstan",
                    "type": "tidelift"
                }
            ],
            "time": "2020-12-21T11:59:02+00:00"
        },
        {
            "name": "phpstan/phpstan-strict-rules",
            "version": "0.12.7",
            "source": {
                "type": "git",
                "url": "https://github.com/phpstan/phpstan-strict-rules.git",
                "reference": "03807e3410747ec18cd5f05a6342384adcc423bf"
            },
            "dist": {
                "type": "zip",
                "url": "https://api.github.com/repos/phpstan/phpstan-strict-rules/zipball/03807e3410747ec18cd5f05a6342384adcc423bf",
                "reference": "03807e3410747ec18cd5f05a6342384adcc423bf",
                "shasum": ""
            },
            "require": {
                "php": "^7.1 || ^8.0",
                "phpstan/phpstan": "^0.12.60"
            },
            "require-dev": {
                "phing/phing": "^2.16.3",
                "php-parallel-lint/php-parallel-lint": "^1.2",
                "phpstan/phpstan-phpunit": "^0.12.16",
                "phpunit/phpunit": "^7.5.20"
            },
            "type": "phpstan-extension",
            "extra": {
                "branch-alias": {
                    "dev-master": "0.12-dev"
                },
                "phpstan": {
                    "includes": [
                        "rules.neon"
                    ]
                }
            },
            "autoload": {
                "psr-4": {
                    "PHPStan\\": "src/"
                }
            },
            "notification-url": "https://packagist.org/downloads/",
            "license": [
                "MIT"
            ],
            "description": "Extra strict and opinionated rules for PHPStan",
            "support": {
                "issues": "https://github.com/phpstan/phpstan-strict-rules/issues",
                "source": "https://github.com/phpstan/phpstan-strict-rules/tree/0.12.7"
            },
            "time": "2020-12-13T13:27:14+00:00"
        }
    ],
    "packages-dev": [
        {
            "name": "contributte/dev",
            "version": "v0.3",
            "source": {
                "type": "git",
                "url": "https://github.com/contributte/dev.git",
                "reference": "2f583ab44c082d4fd09db57db3906cb0c48706e4"
            },
            "dist": {
                "type": "zip",
                "url": "https://api.github.com/repos/contributte/dev/zipball/2f583ab44c082d4fd09db57db3906cb0c48706e4",
                "reference": "2f583ab44c082d4fd09db57db3906cb0c48706e4",
                "shasum": ""
            },
            "require": {
                "php": ">=7.2"
            },
            "require-dev": {
                "ninjify/nunjuck": "^0.4",
                "ninjify/qa": "^0.12"
            },
            "type": "library",
            "extra": {
                "branch-alias": {
                    "dev-master": "0.4.x-dev"
                }
            },
            "autoload": {
                "files": [
                    "src/shortcuts.php"
                ]
            },
            "notification-url": "https://packagist.org/downloads/",
            "license": [
                "MIT"
            ],
            "authors": [
                {
                    "name": "Milan Felix Sulc",
                    "homepage": "https://f3l1x.io"
                }
            ],
            "description": "Tools for development",
            "homepage": "https://github.com/contributte/dev",
            "keywords": [
                "development",
                "nette",
                "shortcuts"
            ],
            "support": {
                "issues": "https://github.com/contributte/dev/issues",
                "source": "https://github.com/contributte/dev/tree/v0.3"
            },
            "time": "2020-12-13T18:46:03+00:00"
        }
    ],
    "aliases": [],
    "minimum-stability": "dev",
    "stability-flags": [],
    "prefer-stable": true,
    "prefer-lowest": false,
    "platform": {
        "php": ">=7.4"
    },
    "platform-dev": [],
    "plugin-api-version": "2.0.0"
}
