{
	"name": "czws",
	"version": "0.0.0",
	"lockfileVersion": 1,
	"requires": true,
	"dependencies": {
		"@now/node": {
			"version": "1.6.1",
			"resolved": "https://registry.npmjs.org/@now/node/-/node-1.6.1.tgz",
			"integrity": "sha512-EdSdOS4HSJRexibxIbrKCLZZ1sc0+oaD0P7kvhf26CbXSNlrZP0Iycpb+fbO4Qc2EcmGR2am90DhoX548B5a7g==",
			"dev": true,
			"requires": {
				"@types/node": "*"
			}
		},
		"@types/node": {
			"version": "14.0.9",
			"resolved": "https://registry.npmjs.org/@types/node/-/node-14.0.9.tgz",
			"integrity": "sha512-0sCTiXKXELOBxvZLN4krQ0FPOAA7ij+6WwvD0k/PHd9/KAkr4dXel5J9fh6F4x1FwAQILqAWkmpeuS6mjf1iKA==",
			"dev": true
		},
		"node-fetch": {
			"version": "2.6.0",
			"resolved": "https://registry.npmjs.org/node-fetch/-/node-fetch-2.6.0.tgz",
			"integrity": "sha512-8dG4H5ujfvFiqDmVu9fQ5bOHUC15JMjMY/Zumv26oOvvVJjM67KF8koCWIabKQ1GJIa9r2mMZscBq/TbdOcmNA=="
		},
		"sax": {
			"version": "1.2.4",
			"resolved": "https://registry.npmjs.org/sax/-/sax-1.2.4.tgz",
			"integrity": "sha512-NqVDv9TpANUjFm0N8uM5GxL36UgKi9/atZw+x7YFnQ8ckwFGKrl4xX4yWtrey3UJm5nP1kUbnYgLopqWNSRhWw=="
		},
		"xml-js": {
			"version": "1.6.11",
			"resolved": "https://registry.npmjs.org/xml-js/-/xml-js-1.6.11.tgz",
			"integrity": "sha512-7rVi2KMfwfWFl+GpPg6m80IVMWXLRjO+PxTq7V2CDhoGak0wzYzFgUY2m4XJ47OGdXd8eLE8EmwfAmdjw7lC1g==",
			"requires": {
				"sax": "^1.2.4"
			}
		}
	}
}
