{
  "name": "vercel-plain",
  "version": "0.0.2",
  "lockfileVersion": 1,
  "requires": true,
  "dependencies": {
    "@types/node": {
      "version": "14.14.39",
      "resolved": "https://registry.npmjs.org/@types/node/-/node-14.14.39.tgz",
      "integrity": "sha512-Qipn7rfTxGEDqZiezH+wxqWYR8vcXq5LRpZrETD19Gs4o8LbklbmqotSUsMU+s5G3PJwMRDfNEYoxrcBwIxOuw==",
      "dev": true
    },
    "@vercel/build-utils": {
      "version": "2.10.1",
      "resolved": "https://registry.npmjs.org/@vercel/build-utils/-/build-utils-2.10.1.tgz",
      "integrity": "sha512-K5xaXoZnysKXxuc5YuR9NZxzBaS9UZYI+TGQCrpx+n1jFJMnVKcXTIlcGtsbNzVI1PR8Fx7YgjtAChSoIyBznQ==",
      "dev": true
    },
    "typescript": {
      "version": "4.2.4",
      "resolved": "https://registry.npmjs.org/typescript/-/typescript-4.2.4.tgz",
      "integrity": "sha512-V+evlYHZnQkaz8TRBuxTA92yZBPotr5H+WhQ7bD3hZUndx5tGOa1fuCgeSjxAzM1RiN5IzvadIXTVefuuwZCRg==",
      "dev": true
    }
  }
}
