{
  "name": "vercel-plain",
  "version": "0.0.2",
  "lockfileVersion": 1,
  "requires": true,
  "dependencies": {
    "@types/node": {
      "version": "15.0.2",
      "resolved": "https://registry.npmjs.org/@types/node/-/node-15.0.2.tgz",
      "integrity": "sha512-p68+a+KoxpoB47015IeYZYRrdqMUcpbK8re/zpFB8Ld46LHC1lPEbp3EXgkEhAYEcPvjJF6ZO+869SQ0aH1dcA==",
      "dev": true
    },
    "@vercel/build-utils": {
      "version": "2.10.2",
      "resolved": "https://registry.npmjs.org/@vercel/build-utils/-/build-utils-2.10.2.tgz",
      "integrity": "sha512-86ly3nMcX1h+eUOloDgqwjaeIREdk1agn4voRCb189J55vzFbz/6ZOjkAKtZ+GSbkEM+bcJera2SvSBzGGIqUA==",
      "dev": true
    },
    "typescript": {
      "version": "4.2.4",
      "resolved": "https://registry.npmjs.org/typescript/-/typescript-4.2.4.tgz",
      "integrity": "sha512-V+evlYHZnQkaz8TRBuxTA92yZBPotr5H+WhQ7bD3hZUndx5tGOa1fuCgeSjxAzM1RiN5IzvadIXTVefuuwZCRg==",
      "dev": true
    }
  }
}
